// !$*UTF8*$!
{
	archiveVersion = 1;
	classes = {
	};
	objectVersion = 46;
	objects = {

/* Begin PBXBuildFile section */
		ABFD5AB01D83D021006D1E76 /* SwiftyHelpers.h in Headers */ = {isa = PBXBuildFile; fileRef = ABFD5AAF1D83D021006D1E76 /* SwiftyHelpers.h */; settings = {ATTRIBUTES = (Public, ); }; };
		ABFD5AB71D83D021006D1E76 /* SwiftyHelpers.framework in Frameworks */ = {isa = PBXBuildFile; fileRef = ABFD5AAC1D83D021006D1E76 /* SwiftyHelpers.framework */; };
		ABFD5ABC1D83D021006D1E76 /* SwiftyHelpersTests.swift in Sources */ = {isa = PBXBuildFile; fileRef = ABFD5ABB1D83D021006D1E76 /* SwiftyHelpersTests.swift */; };
		ABFD5AD21D83D077006D1E76 /* NSObject+Utils.swift in Sources */ = {isa = PBXBuildFile; fileRef = ABFD5AC91D83D077006D1E76 /* NSObject+Utils.swift */; };
		ABFD5AD31D83D077006D1E76 /* Operators.swift in Sources */ = {isa = PBXBuildFile; fileRef = ABFD5ACB1D83D077006D1E76 /* Operators.swift */; };
		ABFD5AD41D83D077006D1E76 /* UIKit+RegisterCells.swift in Sources */ = {isa = PBXBuildFile; fileRef = ABFD5ACD1D83D077006D1E76 /* UIKit+RegisterCells.swift */; };
		ABFD5AEB1D83D083006D1E76 /* TestCollectionReusableView.swift in Sources */ = {isa = PBXBuildFile; fileRef = ABFD5ADB1D83D083006D1E76 /* TestCollectionReusableView.swift */; };
		ABFD5AEC1D83D083006D1E76 /* TestCollectionReusableView.xib in Resources */ = {isa = PBXBuildFile; fileRef = ABFD5ADC1D83D083006D1E76 /* TestCollectionReusableView.xib */; };
		ABFD5AED1D83D083006D1E76 /* TestCollectionViewCell.swift in Sources */ = {isa = PBXBuildFile; fileRef = ABFD5ADD1D83D083006D1E76 /* TestCollectionViewCell.swift */; };
		ABFD5AEE1D83D083006D1E76 /* TestCollectionViewCell.xib in Resources */ = {isa = PBXBuildFile; fileRef = ABFD5ADE1D83D083006D1E76 /* TestCollectionViewCell.xib */; };
		ABFD5AEF1D83D083006D1E76 /* TestTableViewCell.swift in Sources */ = {isa = PBXBuildFile; fileRef = ABFD5ADF1D83D083006D1E76 /* TestTableViewCell.swift */; };
		ABFD5AF01D83D083006D1E76 /* TestTableViewCell.xib in Resources */ = {isa = PBXBuildFile; fileRef = ABFD5AE01D83D083006D1E76 /* TestTableViewCell.xib */; };
		ABFD5AF11D83D083006D1E76 /* TestTableViewHeaderFooterView.swift in Sources */ = {isa = PBXBuildFile; fileRef = ABFD5AE11D83D083006D1E76 /* TestTableViewHeaderFooterView.swift */; };
		ABFD5AF21D83D083006D1E76 /* TestTableViewHeaderFooterView.xib in Resources */ = {isa = PBXBuildFile; fileRef = ABFD5AE21D83D083006D1E76 /* TestTableViewHeaderFooterView.xib */; };
		ABFD5AF31D83D083006D1E76 /* UIKit+RegisterCellTest.swift in Sources */ = {isa = PBXBuildFile; fileRef = ABFD5AE31D83D083006D1E76 /* UIKit+RegisterCellTest.swift */; };
		ABFD5AF91D83D106006D1E76 /* SwiftyHelpers.podspec in Resources */ = {isa = PBXBuildFile; fileRef = ABFD5AF81D83D106006D1E76 /* SwiftyHelpers.podspec */; };
/* End PBXBuildFile section */

/* Begin PBXContainerItemProxy section */
		ABFD5AB81D83D021006D1E76 /* PBXContainerItemProxy */ = {
			isa = PBXContainerItemProxy;
			containerPortal = ABFD5AA31D83D021006D1E76 /* Project object */;
			proxyType = 1;
			remoteGlobalIDString = ABFD5AAB1D83D021006D1E76;
			remoteInfo = SwiftyHelpers;
		};
/* End PBXContainerItemProxy section */

/* Begin PBXFileReference section */
		ABFD5AAC1D83D021006D1E76 /* SwiftyHelpers.framework */ = {isa = PBXFileReference; explicitFileType = wrapper.framework; includeInIndex = 0; path = SwiftyHelpers.framework; sourceTree = BUILT_PRODUCTS_DIR; };
		ABFD5AAF1D83D021006D1E76 /* SwiftyHelpers.h */ = {isa = PBXFileReference; lastKnownFileType = sourcecode.c.h; path = SwiftyHelpers.h; sourceTree = "<group>"; };
		ABFD5AB11D83D021006D1E76 /* Info.plist */ = {isa = PBXFileReference; lastKnownFileType = text.plist.xml; path = Info.plist; sourceTree = "<group>"; };
		ABFD5AB61D83D021006D1E76 /* SwiftyHelpersTests.xctest */ = {isa = PBXFileReference; explicitFileType = wrapper.cfbundle; includeInIndex = 0; path = SwiftyHelpersTests.xctest; sourceTree = BUILT_PRODUCTS_DIR; };
		ABFD5ABB1D83D021006D1E76 /* SwiftyHelpersTests.swift */ = {isa = PBXFileReference; lastKnownFileType = sourcecode.swift; path = SwiftyHelpersTests.swift; sourceTree = "<group>"; };
		ABFD5ABD1D83D021006D1E76 /* Info.plist */ = {isa = PBXFileReference; lastKnownFileType = text.plist.xml; path = Info.plist; sourceTree = "<group>"; };
		ABFD5AC91D83D077006D1E76 /* NSObject+Utils.swift */ = {isa = PBXFileReference; fileEncoding = 4; lastKnownFileType = sourcecode.swift; path = "NSObject+Utils.swift"; sourceTree = "<group>"; };
		ABFD5ACB1D83D077006D1E76 /* Operators.swift */ = {isa = PBXFileReference; fileEncoding = 4; lastKnownFileType = sourcecode.swift; path = Operators.swift; sourceTree = "<group>"; };
		ABFD5ACD1D83D077006D1E76 /* UIKit+RegisterCells.swift */ = {isa = PBXFileReference; fileEncoding = 4; lastKnownFileType = sourcecode.swift; path = "UIKit+RegisterCells.swift"; sourceTree = "<group>"; };
		ABFD5ADB1D83D083006D1E76 /* TestCollectionReusableView.swift */ = {isa = PBXFileReference; fileEncoding = 4; lastKnownFileType = sourcecode.swift; path = TestCollectionReusableView.swift; sourceTree = "<group>"; };
		ABFD5ADC1D83D083006D1E76 /* TestCollectionReusableView.xib */ = {isa = PBXFileReference; fileEncoding = 4; lastKnownFileType = file.xib; path = TestCollectionReusableView.xib; sourceTree = "<group>"; };
		ABFD5ADD1D83D083006D1E76 /* TestCollectionViewCell.swift */ = {isa = PBXFileReference; fileEncoding = 4; lastKnownFileType = sourcecode.swift; path = TestCollectionViewCell.swift; sourceTree = "<group>"; };
		ABFD5ADE1D83D083006D1E76 /* TestCollectionViewCell.xib */ = {isa = PBXFileReference; fileEncoding = 4; lastKnownFileType = file.xib; path = TestCollectionViewCell.xib; sourceTree = "<group>"; };
		ABFD5ADF1D83D083006D1E76 /* TestTableViewCell.swift */ = {isa = PBXFileReference; fileEncoding = 4; lastKnownFileType = sourcecode.swift; path = TestTableViewCell.swift; sourceTree = "<group>"; };
		ABFD5AE01D83D083006D1E76 /* TestTableViewCell.xib */ = {isa = PBXFileReference; fileEncoding = 4; lastKnownFileType = file.xib; path = TestTableViewCell.xib; sourceTree = "<group>"; };
		ABFD5AE11D83D083006D1E76 /* TestTableViewHeaderFooterView.swift */ = {isa = PBXFileReference; fileEncoding = 4; lastKnownFileType = sourcecode.swift; path = TestTableViewHeaderFooterView.swift; sourceTree = "<group>"; };
		ABFD5AE21D83D083006D1E76 /* TestTableViewHeaderFooterView.xib */ = {isa = PBXFileReference; fileEncoding = 4; lastKnownFileType = file.xib; path = TestTableViewHeaderFooterView.xib; sourceTree = "<group>"; };
		ABFD5AE31D83D083006D1E76 /* UIKit+RegisterCellTest.swift */ = {isa = PBXFileReference; fileEncoding = 4; lastKnownFileType = sourcecode.swift; path = "UIKit+RegisterCellTest.swift"; sourceTree = "<group>"; };
		ABFD5AF81D83D106006D1E76 /* SwiftyHelpers.podspec */ = {isa = PBXFileReference; fileEncoding = 4; lastKnownFileType = text; path = SwiftyHelpers.podspec; sourceTree = "<group>"; };
/* End PBXFileReference section */

/* Begin PBXFrameworksBuildPhase section */
		ABFD5AA81D83D021006D1E76 /* Frameworks */ = {
			isa = PBXFrameworksBuildPhase;
			buildActionMask = 2147483647;
			files = (
			);
			runOnlyForDeploymentPostprocessing = 0;
		};
		ABFD5AB31D83D021006D1E76 /* Frameworks */ = {
			isa = PBXFrameworksBuildPhase;
			buildActionMask = 2147483647;
			files = (
				ABFD5AB71D83D021006D1E76 /* SwiftyHelpers.framework in Frameworks */,
			);
			runOnlyForDeploymentPostprocessing = 0;
		};
/* End PBXFrameworksBuildPhase section */

/* Begin PBXGroup section */
		ABFD5AA21D83D021006D1E76 = {
			isa = PBXGroup;
			children = (
				ABFD5AF81D83D106006D1E76 /* SwiftyHelpers.podspec */,
				ABFD5AAE1D83D021006D1E76 /* SwiftyHelpers */,
				ABFD5ABA1D83D021006D1E76 /* SwiftyHelpersTests */,
				ABFD5AAD1D83D021006D1E76 /* Products */,
			);
			sourceTree = "<group>";
		};
		ABFD5AAD1D83D021006D1E76 /* Products */ = {
			isa = PBXGroup;
			children = (
				ABFD5AAC1D83D021006D1E76 /* SwiftyHelpers.framework */,
				ABFD5AB61D83D021006D1E76 /* SwiftyHelpersTests.xctest */,
			);
			name = Products;
			sourceTree = "<group>";
		};
		ABFD5AAE1D83D021006D1E76 /* SwiftyHelpers */ = {
			isa = PBXGroup;
			children = (
				ABFD5AC61D83D077006D1E76 /* Source */,
				ABFD5AAF1D83D021006D1E76 /* SwiftyHelpers.h */,
				ABFD5AB11D83D021006D1E76 /* Info.plist */,
			);
			path = SwiftyHelpers;
			sourceTree = "<group>";
		};
		ABFD5ABA1D83D021006D1E76 /* SwiftyHelpersTests */ = {
			isa = PBXGroup;
			children = (
				ABFD5AD91D83D083006D1E76 /* UIKit */,
				ABFD5ABB1D83D021006D1E76 /* SwiftyHelpersTests.swift */,
				ABFD5ABD1D83D021006D1E76 /* Info.plist */,
			);
			path = SwiftyHelpersTests;
			sourceTree = "<group>";
		};
		ABFD5AC61D83D077006D1E76 /* Source */ = {
			isa = PBXGroup;
			children = (
				ABFD5AC71D83D077006D1E76 /* Foundation */,
				ABFD5ACA1D83D077006D1E76 /* Operators */,
				ABFD5ACC1D83D077006D1E76 /* UIKit */,
			);
			path = Source;
			sourceTree = SOURCE_ROOT;
		};
		ABFD5AC71D83D077006D1E76 /* Foundation */ = {
			isa = PBXGroup;
			children = (
				ABFD5AC91D83D077006D1E76 /* NSObject+Utils.swift */,
			);
			path = Foundation;
			sourceTree = "<group>";
		};
		ABFD5ACA1D83D077006D1E76 /* Operators */ = {
			isa = PBXGroup;
			children = (
				ABFD5ACB1D83D077006D1E76 /* Operators.swift */,
			);
			path = Operators;
			sourceTree = "<group>";
		};
		ABFD5ACC1D83D077006D1E76 /* UIKit */ = {
			isa = PBXGroup;
			children = (
				ABFD5ACD1D83D077006D1E76 /* UIKit+RegisterCells.swift */,
			);
			path = UIKit;
			sourceTree = "<group>";
		};
		ABFD5AD91D83D083006D1E76 /* UIKit */ = {
			isa = PBXGroup;
			children = (
				ABFD5ADA1D83D083006D1E76 /* CellTest */,
				ABFD5AE31D83D083006D1E76 /* UIKit+RegisterCellTest.swift */,
			);
			path = UIKit;
			sourceTree = "<group>";
		};
		ABFD5ADA1D83D083006D1E76 /* CellTest */ = {
			isa = PBXGroup;
			children = (
				ABFD5ADB1D83D083006D1E76 /* TestCollectionReusableView.swift */,
				ABFD5ADC1D83D083006D1E76 /* TestCollectionReusableView.xib */,
				ABFD5ADD1D83D083006D1E76 /* TestCollectionViewCell.swift */,
				ABFD5ADE1D83D083006D1E76 /* TestCollectionViewCell.xib */,
				ABFD5ADF1D83D083006D1E76 /* TestTableViewCell.swift */,
				ABFD5AE01D83D083006D1E76 /* TestTableViewCell.xib */,
				ABFD5AE11D83D083006D1E76 /* TestTableViewHeaderFooterView.swift */,
				ABFD5AE21D83D083006D1E76 /* TestTableViewHeaderFooterView.xib */,
			);
			path = CellTest;
			sourceTree = "<group>";
		};
/* End PBXGroup section */

/* Begin PBXHeadersBuildPhase section */
		ABFD5AA91D83D021006D1E76 /* Headers */ = {
			isa = PBXHeadersBuildPhase;
			buildActionMask = 2147483647;
			files = (
				ABFD5AB01D83D021006D1E76 /* SwiftyHelpers.h in Headers */,
			);
			runOnlyForDeploymentPostprocessing = 0;
		};
/* End PBXHeadersBuildPhase section */

/* Begin PBXNativeTarget section */
		ABFD5AAB1D83D021006D1E76 /* SwiftyHelpers */ = {
			isa = PBXNativeTarget;
			buildConfigurationList = ABFD5AC01D83D021006D1E76 /* Build configuration list for PBXNativeTarget "SwiftyHelpers" */;
			buildPhases = (
				ABFD5AA71D83D021006D1E76 /* Sources */,
				ABFD5AA81D83D021006D1E76 /* Frameworks */,
				ABFD5AA91D83D021006D1E76 /* Headers */,
				ABFD5AAA1D83D021006D1E76 /* Resources */,
			);
			buildRules = (
			);
			dependencies = (
			);
			name = SwiftyHelpers;
			productName = SwiftyHelpers;
			productReference = ABFD5AAC1D83D021006D1E76 /* SwiftyHelpers.framework */;
			productType = "com.apple.product-type.framework";
		};
		ABFD5AB51D83D021006D1E76 /* SwiftyHelpersTests */ = {
			isa = PBXNativeTarget;
			buildConfigurationList = ABFD5AC31D83D021006D1E76 /* Build configuration list for PBXNativeTarget "SwiftyHelpersTests" */;
			buildPhases = (
				ABFD5AB21D83D021006D1E76 /* Sources */,
				ABFD5AB31D83D021006D1E76 /* Frameworks */,
				ABFD5AB41D83D021006D1E76 /* Resources */,
			);
			buildRules = (
			);
			dependencies = (
				ABFD5AB91D83D021006D1E76 /* PBXTargetDependency */,
			);
			name = SwiftyHelpersTests;
			productName = SwiftyHelpersTests;
			productReference = ABFD5AB61D83D021006D1E76 /* SwiftyHelpersTests.xctest */;
			productType = "com.apple.product-type.bundle.unit-test";
		};
/* End PBXNativeTarget section */

/* Begin PBXProject section */
		ABFD5AA31D83D021006D1E76 /* Project object */ = {
			isa = PBXProject;
			attributes = {
				LastSwiftUpdateCheck = 0730;
				LastUpgradeCheck = 0730;
				ORGANIZATIONNAME = jpachecou;
				TargetAttributes = {
					ABFD5AAB1D83D021006D1E76 = {
						CreatedOnToolsVersion = 7.3.1;
					};
					ABFD5AB51D83D021006D1E76 = {
						CreatedOnToolsVersion = 7.3.1;
					};
				};
			};
			buildConfigurationList = ABFD5AA61D83D021006D1E76 /* Build configuration list for PBXProject "SwiftyHelpers" */;
			compatibilityVersion = "Xcode 3.2";
			developmentRegion = English;
			hasScannedForEncodings = 0;
			knownRegions = (
				en,
			);
			mainGroup = ABFD5AA21D83D021006D1E76;
			productRefGroup = ABFD5AAD1D83D021006D1E76 /* Products */;
			projectDirPath = "";
			projectRoot = "";
			targets = (
				ABFD5AAB1D83D021006D1E76 /* SwiftyHelpers */,
				ABFD5AB51D83D021006D1E76 /* SwiftyHelpersTests */,
			);
		};
/* End PBXProject section */

/* Begin PBXResourcesBuildPhase section */
		ABFD5AAA1D83D021006D1E76 /* Resources */ = {
			isa = PBXResourcesBuildPhase;
			buildActionMask = 2147483647;
			files = (
			);
			runOnlyForDeploymentPostprocessing = 0;
		};
		ABFD5AB41D83D021006D1E76 /* Resources */ = {
			isa = PBXResourcesBuildPhase;
			buildActionMask = 2147483647;
			files = (
				ABFD5AF21D83D083006D1E76 /* TestTableViewHeaderFooterView.xib in Resources */,
				ABFD5AF01D83D083006D1E76 /* TestTableViewCell.xib in Resources */,
				ABFD5AF91D83D106006D1E76 /* SwiftyHelpers.podspec in Resources */,
				ABFD5AEE1D83D083006D1E76 /* TestCollectionViewCell.xib in Resources */,
				ABFD5AEC1D83D083006D1E76 /* TestCollectionReusableView.xib in Resources */,
			);
			runOnlyForDeploymentPostprocessing = 0;
		};
/* End PBXResourcesBuildPhase section */

/* Begin PBXSourcesBuildPhase section */
		ABFD5AA71D83D021006D1E76 /* Sources */ = {
			isa = PBXSourcesBuildPhase;
			buildActionMask = 2147483647;
			files = (
				ABFD5AD41D83D077006D1E76 /* UIKit+RegisterCells.swift in Sources */,
				ABFD5AD21D83D077006D1E76 /* NSObject+Utils.swift in Sources */,
				ABFD5AD31D83D077006D1E76 /* Operators.swift in Sources */,
			);
			runOnlyForDeploymentPostprocessing = 0;
		};
		ABFD5AB21D83D021006D1E76 /* Sources */ = {
			isa = PBXSourcesBuildPhase;
			buildActionMask = 2147483647;
			files = (
				ABFD5AEB1D83D083006D1E76 /* TestCollectionReusableView.swift in Sources */,
				ABFD5AF31D83D083006D1E76 /* UIKit+RegisterCellTest.swift in Sources */,
				ABFD5AED1D83D083006D1E76 /* TestCollectionViewCell.swift in Sources */,
				ABFD5ABC1D83D021006D1E76 /* SwiftyHelpersTests.swift in Sources */,
				ABFD5AF11D83D083006D1E76 /* TestTableViewHeaderFooterView.swift in Sources */,
				ABFD5AEF1D83D083006D1E76 /* TestTableViewCell.swift in Sources */,
			);
			runOnlyForDeploymentPostprocessing = 0;
		};
/* End PBXSourcesBuildPhase section */

/* Begin PBXTargetDependency section */
		ABFD5AB91D83D021006D1E76 /* PBXTargetDependency */ = {
			isa = PBXTargetDependency;
			target = ABFD5AAB1D83D021006D1E76 /* SwiftyHelpers */;
			targetProxy = ABFD5AB81D83D021006D1E76 /* PBXContainerItemProxy */;
		};
/* End PBXTargetDependency section */

/* Begin XCBuildConfiguration section */
		ABFD5ABE1D83D021006D1E76 /* Debug */ = {
			isa = XCBuildConfiguration;
			buildSettings = {
				ALWAYS_SEARCH_USER_PATHS = NO;
				CLANG_ANALYZER_NONNULL = YES;
				CLANG_CXX_LANGUAGE_STANDARD = "gnu++0x";
				CLANG_CXX_LIBRARY = "libc++";
				CLANG_ENABLE_MODULES = YES;
				CLANG_ENABLE_OBJC_ARC = YES;
				CLANG_WARN_BOOL_CONVERSION = YES;
				CLANG_WARN_CONSTANT_CONVERSION = YES;
				CLANG_WARN_DIRECT_OBJC_ISA_USAGE = YES_ERROR;
				CLANG_WARN_EMPTY_BODY = YES;
				CLANG_WARN_ENUM_CONVERSION = YES;
				CLANG_WARN_INT_CONVERSION = YES;
				CLANG_WARN_OBJC_ROOT_CLASS = YES_ERROR;
				CLANG_WARN_UNREACHABLE_CODE = YES;
				CLANG_WARN__DUPLICATE_METHOD_MATCH = YES;
				"CODE_SIGN_IDENTITY[sdk=iphoneos*]" = "iPhone Developer";
				COPY_PHASE_STRIP = NO;
				CURRENT_PROJECT_VERSION = 1;
				DEBUG_INFORMATION_FORMAT = dwarf;
				ENABLE_STRICT_OBJC_MSGSEND = YES;
				ENABLE_TESTABILITY = YES;
				GCC_C_LANGUAGE_STANDARD = gnu99;
				GCC_DYNAMIC_NO_PIC = NO;
				GCC_NO_COMMON_BLOCKS = YES;
				GCC_OPTIMIZATION_LEVEL = 0;
				GCC_PREPROCESSOR_DEFINITIONS = (
					"DEBUG=1",
					"$(inherited)",
				);
				GCC_WARN_64_TO_32_BIT_CONVERSION = YES;
				GCC_WARN_ABOUT_RETURN_TYPE = YES_ERROR;
				GCC_WARN_UNDECLARED_SELECTOR = YES;
				GCC_WARN_UNINITIALIZED_AUTOS = YES_AGGRESSIVE;
				GCC_WARN_UNUSED_FUNCTION = YES;
				GCC_WARN_UNUSED_VARIABLE = YES;
				IPHONEOS_DEPLOYMENT_TARGET = 9.3;
				MTL_ENABLE_DEBUG_INFO = YES;
				ONLY_ACTIVE_ARCH = YES;
				SDKROOT = iphoneos;
				SWIFT_OPTIMIZATION_LEVEL = "-Onone";
				TARGETED_DEVICE_FAMILY = "1,2";
				VERSIONING_SYSTEM = "apple-generic";
				VERSION_INFO_PREFIX = "";
			};
			name = Debug;
		};
		ABFD5ABF1D83D021006D1E76 /* Release */ = {
			isa = XCBuildConfiguration;
			buildSettings = {
				ALWAYS_SEARCH_USER_PATHS = NO;
				CLANG_ANALYZER_NONNULL = YES;
				CLANG_CXX_LANGUAGE_STANDARD = "gnu++0x";
				CLANG_CXX_LIBRARY = "libc++";
				CLANG_ENABLE_MODULES = YES;
				CLANG_ENABLE_OBJC_ARC = YES;
				CLANG_WARN_BOOL_CONVERSION = YES;
				CLANG_WARN_CONSTANT_CONVERSION = YES;
				CLANG_WARN_DIRECT_OBJC_ISA_USAGE = YES_ERROR;
				CLANG_WARN_EMPTY_BODY = YES;
				CLANG_WARN_ENUM_CONVERSION = YES;
				CLANG_WARN_INT_CONVERSION = YES;
				CLANG_WARN_OBJC_ROOT_CLASS = YES_ERROR;
				CLANG_WARN_UNREACHABLE_CODE = YES;
				CLANG_WARN__DUPLICATE_METHOD_MATCH = YES;
				"CODE_SIGN_IDENTITY[sdk=iphoneos*]" = "iPhone Developer";
				COPY_PHASE_STRIP = NO;
				CURRENT_PROJECT_VERSION = 1;
				DEBUG_INFORMATION_FORMAT = "dwarf-with-dsym";
				ENABLE_NS_ASSERTIONS = NO;
				ENABLE_STRICT_OBJC_MSGSEND = YES;
				GCC_C_LANGUAGE_STANDARD = gnu99;
				GCC_NO_COMMON_BLOCKS = YES;
				GCC_WARN_64_TO_32_BIT_CONVERSION = YES;
				GCC_WARN_ABOUT_RETURN_TYPE = YES_ERROR;
				GCC_WARN_UNDECLARED_SELECTOR = YES;
				GCC_WARN_UNINITIALIZED_AUTOS = YES_AGGRESSIVE;
				GCC_WARN_UNUSED_FUNCTION = YES;
				GCC_WARN_UNUSED_VARIABLE = YES;
				IPHONEOS_DEPLOYMENT_TARGET = 9.3;
				MTL_ENABLE_DEBUG_INFO = NO;
				SDKROOT = iphoneos;
				TARGETED_DEVICE_FAMILY = "1,2";
				VALIDATE_PRODUCT = YES;
				VERSIONING_SYSTEM = "apple-generic";
				VERSION_INFO_PREFIX = "";
			};
			name = Release;
		};
		ABFD5AC11D83D021006D1E76 /* Debug */ = {
			isa = XCBuildConfiguration;
			buildSettings = {
				DEFINES_MODULE = YES;
				DYLIB_COMPATIBILITY_VERSION = 1;
				DYLIB_CURRENT_VERSION = 1;
				DYLIB_INSTALL_NAME_BASE = "@rpath";
				INFOPLIST_FILE = SwiftyHelpers/Info.plist;
				INSTALL_PATH = "$(LOCAL_LIBRARY_DIR)/Frameworks";
				IPHONEOS_DEPLOYMENT_TARGET = 8.0;
				LD_RUNPATH_SEARCH_PATHS = "$(inherited) @executable_path/Frameworks @loader_path/Frameworks";
				PRODUCT_BUNDLE_IDENTIFIER = com.jpachecou.ios.SwiftyHelpers;
				PRODUCT_NAME = "$(TARGET_NAME)";
				SKIP_INSTALL = YES;
			};
			name = Debug;
		};
		ABFD5AC21D83D021006D1E76 /* Release */ = {
			isa = XCBuildConfiguration;
			buildSettings = {
				DEFINES_MODULE = YES;
				DYLIB_COMPATIBILITY_VERSION = 1;
				DYLIB_CURRENT_VERSION = 1;
				DYLIB_INSTALL_NAME_BASE = "@rpath";
				INFOPLIST_FILE = SwiftyHelpers/Info.plist;
				INSTALL_PATH = "$(LOCAL_LIBRARY_DIR)/Frameworks";
				IPHONEOS_DEPLOYMENT_TARGET = 8.0;
				LD_RUNPATH_SEARCH_PATHS = "$(inherited) @executable_path/Frameworks @loader_path/Frameworks";
				PRODUCT_BUNDLE_IDENTIFIER = com.jpachecou.ios.SwiftyHelpers;
				PRODUCT_NAME = "$(TARGET_NAME)";
				SKIP_INSTALL = YES;
			};
			name = Release;
		};
		ABFD5AC41D83D021006D1E76 /* Debug */ = {
			isa = XCBuildConfiguration;
			buildSettings = {
				INFOPLIST_FILE = SwiftyHelpersTests/Info.plist;
				LD_RUNPATH_SEARCH_PATHS = "$(inherited) @executable_path/Frameworks @loader_path/Frameworks";
				PRODUCT_BUNDLE_IDENTIFIER = com.jpachecou.ios.SwiftyHelpersTests;
				PRODUCT_NAME = "$(TARGET_NAME)";
			};
			name = Debug;
		};
		ABFD5AC51D83D021006D1E76 /* Release */ = {
			isa = XCBuildConfiguration;
			buildSettings = {
				INFOPLIST_FILE = SwiftyHelpersTests/Info.plist;
				LD_RUNPATH_SEARCH_PATHS = "$(inherited) @executable_path/Frameworks @loader_path/Frameworks";
				PRODUCT_BUNDLE_IDENTIFIER = com.jpachecou.ios.SwiftyHelpersTests;
				PRODUCT_NAME = "$(TARGET_NAME)";
			};
			name = Release;
		};
/* End XCBuildConfiguration section */

/* Begin XCConfigurationList section */
		ABFD5AA61D83D021006D1E76 /* Build configuration list for PBXProject "SwiftyHelpers" */ = {
			isa = XCConfigurationList;
			buildConfigurations = (
				ABFD5ABE1D83D021006D1E76 /* Debug */,
				ABFD5ABF1D83D021006D1E76 /* Release */,
			);
			defaultConfigurationIsVisible = 0;
			defaultConfigurationName = Release;
		};
		ABFD5AC01D83D021006D1E76 /* Build configuration list for PBXNativeTarget "SwiftyHelpers" */ = {
			isa = XCConfigurationList;
			buildConfigurations = (
				ABFD5AC11D83D021006D1E76 /* Debug */,
				ABFD5AC21D83D021006D1E76 /* Release */,
			);
			defaultConfigurationIsVisible = 0;
			defaultConfigurationName = Release;
		};
		ABFD5AC31D83D021006D1E76 /* Build configuration list for PBXNativeTarget "SwiftyHelpersTests" */ = {
			isa = XCConfigurationList;
			buildConfigurations = (
				ABFD5AC41D83D021006D1E76 /* Debug */,
				ABFD5AC51D83D021006D1E76 /* Release */,
			);
			defaultConfigurationIsVisible = 0;
			defaultConfigurationName = Release;
		};
/* End XCConfigurationList section */
	};
	rootObject = ABFD5AA31D83D021006D1E76 /* Project object */;
}
